// !$*UTF8*$!
{
	archiveVersion = 1;
	classes = {
	};
	objectVersion = 51;
	objects = {

/* Begin PBXBuildFile section */
		8BF86A7D25A9923100E0D659 /* AppDelegate.swift in Sources */ = {isa = PBXBuildFile; fileRef = 8BF86A7C25A9923100E0D659 /* AppDelegate.swift */; };
		8BF86A8125A9923100E0D659 /* MainViewController.swift in Sources */ = {isa = PBXBuildFile; fileRef = 8BF86A8025A9923100E0D659 /* MainViewController.swift */; };
		8BF86A8425A9923100E0D659 /* Main.storyboard in Resources */ = {isa = PBXBuildFile; fileRef = 8BF86A8225A9923100E0D659 /* Main.storyboard */; };
		8BF86A8625A9923200E0D659 /* Assets.xcassets in Resources */ = {isa = PBXBuildFile; fileRef = 8BF86A8525A9923200E0D659 /* Assets.xcassets */; };
		8BF86A8925A9923200E0D659 /* LaunchScreen.storyboard in Resources */ = {isa = PBXBuildFile; fileRef = 8BF86A8725A9923200E0D659 /* LaunchScreen.storyboard */; };
		8BF86AA125A99A7D00E0D659 /* SceneDelegate.swift in Sources */ = {isa = PBXBuildFile; fileRef = 8BF86AA025A99A7D00E0D659 /* SceneDelegate.swift */; };
		8BF86AC425A9AA3800E0D659 /* MusicTableViewCell.swift in Sources */ = {isa = PBXBuildFile; fileRef = 8BF86AC325A9AA3800E0D659 /* MusicTableViewCell.swift */; };
		8BF86AC925A9AD1C00E0D659 /* UIViewExtension.swift in Sources */ = {isa = PBXBuildFile; fileRef = 8BF86AC825A9AD1C00E0D659 /* UIViewExtension.swift */; };
		8BF86AD525A9B00600E0D659 /* UIImageViewExtension.swift in Sources */ = {isa = PBXBuildFile; fileRef = 8BF86AD425A9B00600E0D659 /* UIImageViewExtension.swift */; };
		8BF86AD925A9B2CE00E0D659 /* MainViewModel.swift in Sources */ = {isa = PBXBuildFile; fileRef = 8BF86AD825A9B2CE00E0D659 /* MainViewModel.swift */; };
		CDEE7F31422A2B4B59AB3FC2 /* Pods_MusicPlayer.framework in Frameworks */ = {isa = PBXBuildFile; fileRef = 6CA369530AC7EF1A79C4C2D5 /* Pods_MusicPlayer.framework */; };
/* End PBXBuildFile section */

/* Begin PBXFileReference section */
		144EB72416FE53F07BD3B7B2 /* Pods-MusicPlayer.debug.xcconfig */ = {isa = PBXFileReference; includeInIndex = 1; lastKnownFileType = text.xcconfig; name = "Pods-MusicPlayer.debug.xcconfig"; path = "Target Support Files/Pods-MusicPlayer/Pods-MusicPlayer.debug.xcconfig"; sourceTree = "<group>"; };
		6CA369530AC7EF1A79C4C2D5 /* Pods_MusicPlayer.framework */ = {isa = PBXFileReference; explicitFileType = wrapper.framework; includeInIndex = 0; path = Pods_MusicPlayer.framework; sourceTree = BUILT_PRODUCTS_DIR; };
		8A80230CDF0D8C562AE19AB8 /* Pods-MusicPlayer.release.xcconfig */ = {isa = PBXFileReference; includeInIndex = 1; lastKnownFileType = text.xcconfig; name = "Pods-MusicPlayer.release.xcconfig"; path = "Target Support Files/Pods-MusicPlayer/Pods-MusicPlayer.release.xcconfig"; sourceTree = "<group>"; };
		8BF86A7925A9923100E0D659 /* MusicPlayer.app */ = {isa = PBXFileReference; explicitFileType = wrapper.application; includeInIndex = 0; path = MusicPlayer.app; sourceTree = BUILT_PRODUCTS_DIR; };
		8BF86A7C25A9923100E0D659 /* AppDelegate.swift */ = {isa = PBXFileReference; lastKnownFileType = sourcecode.swift; path = AppDelegate.swift; sourceTree = "<group>"; };
		8BF86A8025A9923100E0D659 /* MainViewController.swift */ = {isa = PBXFileReference; lastKnownFileType = sourcecode.swift; path = MainViewController.swift; sourceTree = "<group>"; };
		8BF86A8325A9923100E0D659 /* Base */ = {isa = PBXFileReference; lastKnownFileType = file.storyboard; name = Base; path = Base.lproj/Main.storyboard; sourceTree = "<group>"; };
		8BF86A8525A9923200E0D659 /* Assets.xcassets */ = {isa = PBXFileReference; lastKnownFileType = folder.assetcatalog; path = Assets.xcassets; sourceTree = "<group>"; };
		8BF86A8825A9923200E0D659 /* Base */ = {isa = PBXFileReference; lastKnownFileType = file.storyboard; name = Base; path = Base.lproj/LaunchScreen.storyboard; sourceTree = "<group>"; };
		8BF86A8A25A9923200E0D659 /* Info.plist */ = {isa = PBXFileReference; lastKnownFileType = text.plist.xml; path = Info.plist; sourceTree = "<group>"; };
		8BF86AA025A99A7D00E0D659 /* SceneDelegate.swift */ = {isa = PBXFileReference; fileEncoding = 4; lastKnownFileType = sourcecode.swift; path = SceneDelegate.swift; sourceTree = "<group>"; };
		8BF86AC325A9AA3800E0D659 /* MusicTableViewCell.swift */ = {isa = PBXFileReference; lastKnownFileType = sourcecode.swift; path = MusicTableViewCell.swift; sourceTree = "<group>"; };
		8BF86AC825A9AD1C00E0D659 /* UIViewExtension.swift */ = {isa = PBXFileReference; lastKnownFileType = sourcecode.swift; path = UIViewExtension.swift; sourceTree = "<group>"; };
		8BF86AD425A9B00600E0D659 /* UIImageViewExtension.swift */ = {isa = PBXFileReference; lastKnownFileType = sourcecode.swift; path = UIImageViewExtension.swift; sourceTree = "<group>"; };
		8BF86AD825A9B2CE00E0D659 /* MainViewModel.swift */ = {isa = PBXFileReference; lastKnownFileType = sourcecode.swift; path = MainViewModel.swift; sourceTree = "<group>"; };
/* End PBXFileReference section */

/* Begin PBXFrameworksBuildPhase section */
		8BF86A7625A9923100E0D659 /* Frameworks */ = {
			isa = PBXFrameworksBuildPhase;
			buildActionMask = 2147483647;
			files = (
				CDEE7F31422A2B4B59AB3FC2 /* Pods_MusicPlayer.framework in Frameworks */,
			);
			runOnlyForDeploymentPostprocessing = 0;
		};
/* End PBXFrameworksBuildPhase section */

/* Begin PBXGroup section */
		1481534DCAAE1EA57211A46F /* Frameworks */ = {
			isa = PBXGroup;
			children = (
				6CA369530AC7EF1A79C4C2D5 /* Pods_MusicPlayer.framework */,
			);
			name = Frameworks;
			sourceTree = "<group>";
		};
		5BA9732EF6248CDC7BD1E2FE /* Pods */ = {
			isa = PBXGroup;
			children = (
				144EB72416FE53F07BD3B7B2 /* Pods-MusicPlayer.debug.xcconfig */,
				8A80230CDF0D8C562AE19AB8 /* Pods-MusicPlayer.release.xcconfig */,
			);
			path = Pods;
			sourceTree = "<group>";
		};
		8BF86A7025A9923100E0D659 = {
			isa = PBXGroup;
			children = (
				8BF86A7B25A9923100E0D659 /* MusicPlayer */,
				8BF86A7A25A9923100E0D659 /* Products */,
				5BA9732EF6248CDC7BD1E2FE /* Pods */,
				1481534DCAAE1EA57211A46F /* Frameworks */,
			);
			sourceTree = "<group>";
		};
		8BF86A7A25A9923100E0D659 /* Products */ = {
			isa = PBXGroup;
			children = (
				8BF86A7925A9923100E0D659 /* MusicPlayer.app */,
			);
			name = Products;
			sourceTree = "<group>";
		};
		8BF86A7B25A9923100E0D659 /* MusicPlayer */ = {
			isa = PBXGroup;
			children = (
				8BF86AC725A9AD0D00E0D659 /* Extensions */,
				8BF86AC225A9AA1100E0D659 /* Components */,
				8BF86A9825A998B300E0D659 /* Pages */,
				8BF86A9725A998AD00E0D659 /* Res */,
				8BF86AE425A9C37E00E0D659 /* ViewModel */,
				8BF86A7C25A9923100E0D659 /* AppDelegate.swift */,
				8BF86AA025A99A7D00E0D659 /* SceneDelegate.swift */,
				8BF86A8A25A9923200E0D659 /* Info.plist */,
			);
			path = MusicPlayer;
			sourceTree = "<group>";
		};
		8BF86A9725A998AD00E0D659 /* Res */ = {
			isa = PBXGroup;
			children = (
				8BF86A8225A9923100E0D659 /* Main.storyboard */,
				8BF86A8725A9923200E0D659 /* LaunchScreen.storyboard */,
				8BF86A8525A9923200E0D659 /* Assets.xcassets */,
			);
			path = Res;
			sourceTree = "<group>";
		};
		8BF86A9825A998B300E0D659 /* Pages */ = {
			isa = PBXGroup;
			children = (
				8BF86A8025A9923100E0D659 /* MainViewController.swift */,
			);
			path = Pages;
			sourceTree = "<group>";
		};
		8BF86AC225A9AA1100E0D659 /* Components */ = {
			isa = PBXGroup;
			children = (
				8BF86AC325A9AA3800E0D659 /* MusicTableViewCell.swift */,
			);
			path = Components;
			sourceTree = "<group>";
		};
		8BF86AC725A9AD0D00E0D659 /* Extensions */ = {
			isa = PBXGroup;
			children = (
				8BF86AD425A9B00600E0D659 /* UIImageViewExtension.swift */,
				8BF86AC825A9AD1C00E0D659 /* UIViewExtension.swift */,
			);
			path = Extensions;
			sourceTree = "<group>";
		};
		8BF86AE425A9C37E00E0D659 /* ViewModel */ = {
			isa = PBXGroup;
			children = (
				8BF86AD825A9B2CE00E0D659 /* MainViewModel.swift */,
			);
			path = ViewModel;
			sourceTree = "<group>";
		};
/* End PBXGroup section */

/* Begin PBXNativeTarget section */
		8BF86A7825A9923100E0D659 /* MusicPlayer */ = {
			isa = PBXNativeTarget;
			buildConfigurationList = 8BF86A8D25A9923200E0D659 /* Build configuration list for PBXNativeTarget "MusicPlayer" */;
			buildPhases = (
				C89D8C129AFC80D1BDD18A54 /* [CP] Check Pods Manifest.lock */,
				8BF86A7525A9923100E0D659 /* Sources */,
				8BF86A7625A9923100E0D659 /* Frameworks */,
				8BF86A7725A9923100E0D659 /* Resources */,
				4314E5BCEC16A7805F8A185F /* [CP] Embed Pods Frameworks */,
			);
			buildRules = (
			);
			dependencies = (
			);
			name = MusicPlayer;
			productName = MusicPlayer;
			productReference = 8BF86A7925A9923100E0D659 /* MusicPlayer.app */;
			productType = "com.apple.product-type.application";
		};
/* End PBXNativeTarget section */

/* Begin PBXProject section */
		8BF86A7125A9923100E0D659 /* Project object */ = {
			isa = PBXProject;
			attributes = {
				LastSwiftUpdateCheck = 1230;
				LastUpgradeCheck = 1230;
				TargetAttributes = {
					8BF86A7825A9923100E0D659 = {
						CreatedOnToolsVersion = 12.3;
					};
				};
			};
			buildConfigurationList = 8BF86A7425A9923100E0D659 /* Build configuration list for PBXProject "MusicPlayer" */;
			compatibilityVersion = "Xcode 9.3";
			developmentRegion = en;
			hasScannedForEncodings = 0;
			knownRegions = (
				en,
				Base,
			);
			mainGroup = 8BF86A7025A9923100E0D659;
			productRefGroup = 8BF86A7A25A9923100E0D659 /* Products */;
			projectDirPath = "";
			projectRoot = "";
			targets = (
				8BF86A7825A9923100E0D659 /* MusicPlayer */,
			);
		};
/* End PBXProject section */

/* Begin PBXResourcesBuildPhase section */
		8BF86A7725A9923100E0D659 /* Resources */ = {
			isa = PBXResourcesBuildPhase;
			buildActionMask = 2147483647;
			files = (
				8BF86A8925A9923200E0D659 /* LaunchScreen.storyboard in Resources */,
				8BF86A8625A9923200E0D659 /* Assets.xcassets in Resources */,
				8BF86A8425A9923100E0D659 /* Main.storyboard in Resources */,
			);
			runOnlyForDeploymentPostprocessing = 0;
		};
/* End PBXResourcesBuildPhase section */

/* Begin PBXShellScriptBuildPhase section */
		4314E5BCEC16A7805F8A185F /* [CP] Embed Pods Frameworks */ = {
			isa = PBXShellScriptBuildPhase;
			buildActionMask = 2147483647;
			files = (
			);
			inputFileListPaths = (
				"${PODS_ROOT}/Target Support Files/Pods-MusicPlayer/Pods-MusicPlayer-frameworks-${CONFIGURATION}-input-files.xcfilelist",
			);
			name = "[CP] Embed Pods Frameworks";
			outputFileListPaths = (
				"${PODS_ROOT}/Target Support Files/Pods-MusicPlayer/Pods-MusicPlayer-frameworks-${CONFIGURATION}-output-files.xcfilelist",
			);
			runOnlyForDeploymentPostprocessing = 0;
			shellPath = /bin/sh;
			shellScript = "\"${PODS_ROOT}/Target Support Files/Pods-MusicPlayer/Pods-MusicPlayer-frameworks.sh\"\n";
			showEnvVarsInLog = 0;
		};
		C89D8C129AFC80D1BDD18A54 /* [CP] Check Pods Manifest.lock */ = {
			isa = PBXShellScriptBuildPhase;
			buildActionMask = 2147483647;
			files = (
			);
			inputFileListPaths = (
			);
			inputPaths = (
				"${PODS_PODFILE_DIR_PATH}/Podfile.lock",
				"${PODS_ROOT}/Manifest.lock",
			);
			name = "[CP] Check Pods Manifest.lock";
			outputFileListPaths = (
			);
			outputPaths = (
				"$(DERIVED_FILE_DIR)/Pods-MusicPlayer-checkManifestLockResult.txt",
			);
			runOnlyForDeploymentPostprocessing = 0;
			shellPath = /bin/sh;
			shellScript = "diff \"${PODS_PODFILE_DIR_PATH}/Podfile.lock\" \"${PODS_ROOT}/Manifest.lock\" > /dev/null\nif [ $? != 0 ] ; then\n    # print error to STDERR\n    echo \"error: The sandbox is not in sync with the Podfile.lock. Run 'pod install' or update your CocoaPods installation.\" >&2\n    exit 1\nfi\n# This output is used by Xcode 'outputs' to avoid re-running this script phase.\necho \"SUCCESS\" > \"${SCRIPT_OUTPUT_FILE_0}\"\n";
			showEnvVarsInLog = 0;
		};
/* End PBXShellScriptBuildPhase section */

/* Begin PBXSourcesBuildPhase section */
		8BF86A7525A9923100E0D659 /* Sources */ = {
			isa = PBXSourcesBuildPhase;
			buildActionMask = 2147483647;
			files = (
				8BF86AC925A9AD1C00E0D659 /* UIViewExtension.swift in Sources */,
				8BF86AD525A9B00600E0D659 /* UIImageViewExtension.swift in Sources */,
				8BF86AC425A9AA3800E0D659 /* MusicTableViewCell.swift in Sources */,
				8BF86A8125A9923100E0D659 /* MainViewController.swift in Sources */,
				8BF86A7D25A9923100E0D659 /* AppDelegate.swift in Sources */,
				8BF86AA125A99A7D00E0D659 /* SceneDelegate.swift in Sources */,
				8BF86AD925A9B2CE00E0D659 /* MainViewModel.swift in Sources */,
			);
			runOnlyForDeploymentPostprocessing = 0;
		};
/* End PBXSourcesBuildPhase section */

/* Begin PBXVariantGroup section */
		8BF86A8225A9923100E0D659 /* Main.storyboard */ = {
			isa = PBXVariantGroup;
			children = (
				8BF86A8325A9923100E0D659 /* Base */,
			);
			name = Main.storyboard;
			sourceTree = "<group>";
		};
		8BF86A8725A9923200E0D659 /* LaunchScreen.storyboard */ = {
			isa = PBXVariantGroup;
			children = (
				8BF86A8825A9923200E0D659 /* Base */,
			);
			name = LaunchScreen.storyboard;
			sourceTree = "<group>";
		};
/* End PBXVariantGroup section */

/* Begin XCBuildConfiguration section */
		8BF86A8B25A9923200E0D659 /* Debug */ = {
			isa = XCBuildConfiguration;
			buildSettings = {
				ALWAYS_SEARCH_USER_PATHS = NO;
				CLANG_ANALYZER_NONNULL = YES;
				CLANG_ANALYZER_NUMBER_OBJECT_CONVERSION = YES_AGGRESSIVE;
				CLANG_CXX_LANGUAGE_STANDARD = "gnu++14";
				CLANG_CXX_LIBRARY = "libc++";
				CLANG_ENABLE_MODULES = YES;
				CLANG_ENABLE_OBJC_ARC = YES;
				CLANG_ENABLE_OBJC_WEAK = YES;
				CLANG_WARN_BLOCK_CAPTURE_AUTORELEASING = YES;
				CLANG_WARN_BOOL_CONVERSION = YES;
				CLANG_WARN_COMMA = YES;
				CLANG_WARN_CONSTANT_CONVERSION = YES;
				CLANG_WARN_DEPRECATED_OBJC_IMPLEMENTATIONS = YES;
				CLANG_WARN_DIRECT_OBJC_ISA_USAGE = YES_ERROR;
				CLANG_WARN_DOCUMENTATION_COMMENTS = YES;
				CLANG_WARN_EMPTY_BODY = YES;
				CLANG_WARN_ENUM_CONVERSION = YES;
				CLANG_WARN_INFINITE_RECURSION = YES;
				CLANG_WARN_INT_CONVERSION = YES;
				CLANG_WARN_NON_LITERAL_NULL_CONVERSION = YES;
				CLANG_WARN_OBJC_IMPLICIT_RETAIN_SELF = YES;
				CLANG_WARN_OBJC_LITERAL_CONVERSION = YES;
				CLANG_WARN_OBJC_ROOT_CLASS = YES_ERROR;
				CLANG_WARN_QUOTED_INCLUDE_IN_FRAMEWORK_HEADER = YES;
				CLANG_WARN_RANGE_LOOP_ANALYSIS = YES;
				CLANG_WARN_STRICT_PROTOTYPES = YES;
				CLANG_WARN_SUSPICIOUS_MOVE = YES;
				CLANG_WARN_UNGUARDED_AVAILABILITY = YES_AGGRESSIVE;
				CLANG_WARN_UNREACHABLE_CODE = YES;
				CLANG_WARN__DUPLICATE_METHOD_MATCH = YES;
				COPY_PHASE_STRIP = NO;
				DEBUG_INFORMATION_FORMAT = dwarf;
				ENABLE_STRICT_OBJC_MSGSEND = YES;
				ENABLE_TESTABILITY = YES;
				GCC_C_LANGUAGE_STANDARD = gnu11;
				GCC_DYNAMIC_NO_PIC = NO;
				GCC_NO_COMMON_BLOCKS = YES;
				GCC_OPTIMIZATION_LEVEL = 0;
				GCC_PREPROCESSOR_DEFINITIONS = (
					"DEBUG=1",
					"$(inherited)",
				);
				GCC_WARN_64_TO_32_BIT_CONVERSION = YES;
				GCC_WARN_ABOUT_RETURN_TYPE = YES_ERROR;
				GCC_WARN_UNDECLARED_SELECTOR = YES;
				GCC_WARN_UNINITIALIZED_AUTOS = YES_AGGRESSIVE;
				GCC_WARN_UNUSED_FUNCTION = YES;
				GCC_WARN_UNUSED_VARIABLE = YES;
				IPHONEOS_DEPLOYMENT_TARGET = 12.0;
				MTL_ENABLE_DEBUG_INFO = INCLUDE_SOURCE;
				MTL_FAST_MATH = YES;
				ONLY_ACTIVE_ARCH = YES;
				SDKROOT = iphoneos;
				SWIFT_ACTIVE_COMPILATION_CONDITIONS = DEBUG;
				SWIFT_OPTIMIZATION_LEVEL = "-Onone";
			};
			name = Debug;
		};
		8BF86A8C25A9923200E0D659 /* Release */ = {
			isa = XCBuildConfiguration;
			buildSettings = {
				ALWAYS_SEARCH_USER_PATHS = NO;
				CLANG_ANALYZER_NONNULL = YES;
				CLANG_ANALYZER_NUMBER_OBJECT_CONVERSION = YES_AGGRESSIVE;
				CLANG_CXX_LANGUAGE_STANDARD = "gnu++14";
				CLANG_CXX_LIBRARY = "libc++";
				CLANG_ENABLE_MODULES = YES;
				CLANG_ENABLE_OBJC_ARC = YES;
				CLANG_ENABLE_OBJC_WEAK = YES;
				CLANG_WARN_BLOCK_CAPTURE_AUTORELEASING = YES;
				CLANG_WARN_BOOL_CONVERSION = YES;
				CLANG_WARN_COMMA = YES;
				CLANG_WARN_CONSTANT_CONVERSION = YES;
				CLANG_WARN_DEPRECATED_OBJC_IMPLEMENTATIONS = YES;
				CLANG_WARN_DIRECT_OBJC_ISA_USAGE = YES_ERROR;
				CLANG_WARN_DOCUMENTATION_COMMENTS = YES;
				CLANG_WARN_EMPTY_BODY = YES;
				CLANG_WARN_ENUM_CONVERSION = YES;
				CLANG_WARN_INFINITE_RECURSION = YES;
				CLANG_WARN_INT_CONVERSION = YES;
				CLANG_WARN_NON_LITERAL_NULL_CONVERSION = YES;
				CLANG_WARN_OBJC_IMPLICIT_RETAIN_SELF = YES;
				CLANG_WARN_OBJC_LITERAL_CONVERSION = YES;
				CLANG_WARN_OBJC_ROOT_CLASS = YES_ERROR;
				CLANG_WARN_QUOTED_INCLUDE_IN_FRAMEWORK_HEADER = YES;
				CLANG_WARN_RANGE_LOOP_ANALYSIS = YES;
				CLANG_WARN_STRICT_PROTOTYPES = YES;
				CLANG_WARN_SUSPICIOUS_MOVE = YES;
				CLANG_WARN_UNGUARDED_AVAILABILITY = YES_AGGRESSIVE;
				CLANG_WARN_UNREACHABLE_CODE = YES;
				CLANG_WARN__DUPLICATE_METHOD_MATCH = YES;
				COPY_PHASE_STRIP = NO;
				DEBUG_INFORMATION_FORMAT = "dwarf-with-dsym";
				ENABLE_NS_ASSERTIONS = NO;
				ENABLE_STRICT_OBJC_MSGSEND = YES;
				GCC_C_LANGUAGE_STANDARD = gnu11;
				GCC_NO_COMMON_BLOCKS = YES;
				GCC_WARN_64_TO_32_BIT_CONVERSION = YES;
				GCC_WARN_ABOUT_RETURN_TYPE = YES_ERROR;
				GCC_WARN_UNDECLARED_SELECTOR = YES;
				GCC_WARN_UNINITIALIZED_AUTOS = YES_AGGRESSIVE;
				GCC_WARN_UNUSED_FUNCTION = YES;
				GCC_WARN_UNUSED_VARIABLE = YES;
				IPHONEOS_DEPLOYMENT_TARGET = 12.0;
				MTL_ENABLE_DEBUG_INFO = NO;
				MTL_FAST_MATH = YES;
				SDKROOT = iphoneos;
				SWIFT_COMPILATION_MODE = wholemodule;
				SWIFT_OPTIMIZATION_LEVEL = "-O";
				VALIDATE_PRODUCT = YES;
			};
			name = Release;
		};
		8BF86A8E25A9923200E0D659 /* Debug */ = {
			isa = XCBuildConfiguration;
			baseConfigurationReference = 144EB72416FE53F07BD3B7B2 /* Pods-MusicPlayer.debug.xcconfig */;
			buildSettings = {
				ASSETCATALOG_COMPILER_APPICON_NAME = AppIcon;
				ASSETCATALOG_COMPILER_GLOBAL_ACCENT_COLOR_NAME = AccentColor;
				CODE_SIGN_STYLE = Automatic;
				DEVELOPMENT_TEAM = 4UFPQL64P5;
				INFOPLIST_FILE = MusicPlayer/Info.plist;
				LD_RUNPATH_SEARCH_PATHS = (
					"$(inherited)",
					"@executable_path/Frameworks",
				);
				PRODUCT_BUNDLE_IDENTIFIER = DigiSalad.MusicPlayer;
				PRODUCT_NAME = "$(TARGET_NAME)";
				SWIFT_VERSION = 5.0;
				TARGETED_DEVICE_FAMILY = 1;
			};
			name = Debug;
		};
		8BF86A8F25A9923200E0D659 /* Release */ = {
			isa = XCBuildConfiguration;
			baseConfigurationReference = 8A80230CDF0D8C562AE19AB8 /* Pods-MusicPlayer.release.xcconfig */;
			buildSettings = {
				ASSETCATALOG_COMPILER_APPICON_NAME = AppIcon;
				ASSETCATALOG_COMPILER_GLOBAL_ACCENT_COLOR_NAME = AccentColor;
				CODE_SIGN_STYLE = Automatic;
				DEVELOPMENT_TEAM = 4UFPQL64P5;
				INFOPLIST_FILE = MusicPlayer/Info.plist;
				LD_RUNPATH_SEARCH_PATHS = (
					"$(inherited)",
					"@executable_path/Frameworks",
				);
				PRODUCT_BUNDLE_IDENTIFIER = DigiSalad.MusicPlayer;
				PRODUCT_NAME = "$(TARGET_NAME)";
				SWIFT_VERSION = 5.0;
				TARGETED_DEVICE_FAMILY = 1;
			};
			name = Release;
		};
/* End XCBuildConfiguration section */

/* Begin XCConfigurationList section */
		8BF86A7425A9923100E0D659 /* Build configuration list for PBXProject "MusicPlayer" */ = {
			isa = XCConfigurationList;
			buildConfigurations = (
				8BF86A8B25A9923200E0D659 /* Debug */,
				8BF86A8C25A9923200E0D659 /* Release */,
			);
			defaultConfigurationIsVisible = 0;
			defaultConfigurationName = Release;
		};
		8BF86A8D25A9923200E0D659 /* Build configuration list for PBXNativeTarget "MusicPlayer" */ = {
			isa = XCConfigurationList;
			buildConfigurations = (
				8BF86A8E25A9923200E0D659 /* Debug */,
				8BF86A8F25A9923200E0D659 /* Release */,
			);
			defaultConfigurationIsVisible = 0;
			defaultConfigurationName = Release;
		};
/* End XCConfigurationList section */
	};
	rootObject = 8BF86A7125A9923100E0D659 /* Project object */;
}
